Microsoft Visual Studio Solution File, Format Version 12.00
# Visual Studio Version 17
VisualStudioVersion = 17.5.2.0
MinimumVisualStudioVersion = 10.0.40219.1
Project("{FAE04EC0-301F-11D3-BF4B-00C04F79EFBC}") = "AwsFargateApp", "AwsFargateApp.csproj", "{D4EA5A36-B138-8EFC-AB68-C81FECCB9776}"
EndProject
Global
	GlobalSection(SolutionConfigurationPlatforms) = preSolution
		Debug|Any CPU = Debug|Any CPU
		Release|Any CPU = Release|Any CPU
	EndGlobalSection
	GlobalSection(ProjectConfigurationPlatforms) = postSolution
		{D4EA5A36-B138-8EFC-AB68-C81FECCB9776}.Debug|Any CPU.ActiveCfg = Debug|Any CPU
		{D4EA5A36-B138-8EFC-AB68-C81FECCB9776}.Debug|Any CPU.Build.0 = Debug|Any CPU
		{D4EA5A36-B138-8EFC-AB68-C81FECCB9776}.Release|Any CPU.ActiveCfg = Release|Any CPU
		{D4EA5A36-B138-8EFC-AB68-C81FECCB9776}.Release|Any CPU.Build.0 = Release|Any CPU
	EndGlobalSection
	GlobalSection(SolutionProperties) = preSolution
		HideSolutionNode = FALSE
	EndGlobalSection
	GlobalSection(ExtensibilityGlobals) = postSolution
		SolutionGuid = {6753011D-81F6-474F-A07A-B4C6E063E37C}
	EndGlobalSection
EndGlobal
